
Microsoft Visual Studio Solution File, Format Version 12.00
# Visual Studio Version 17
VisualStudioVersion = 17.14.36811.4
MinimumVisualStudioVersion = 10.0.40219.1
Project("{FAE04EC0-301F-11D3-BF4B-00C04F79EFBC}") = "MeseumClientOld", "MeseumClientOld\MeseumClientOld.csproj", "{692B7A05-A9DA-428B-B450-DF816F99D3AD}"
EndProject
Project("{FAE04EC0-301F-11D3-BF4B-00C04F79EFBC}") = "MuseumServer", "MuseumServer\MuseumServer.csproj", "{CA7A9E62-5245-4CA4-9E41-527A8B7F3ADA}"
EndProject
Project("{FAE04EC0-301F-11D3-BF4B-00C04F79EFBC}") = "MuseumClient", "MuseumClient\MuseumClient.csproj", "{5648A836-1AAF-4A71-BB38-C3CFBA85D752}"
EndProject
Global
	GlobalSection(SolutionConfigurationPlatforms) = preSolution
		Debug|Any CPU = Debug|Any CPU
		Release|Any CPU = Release|Any CPU
	EndGlobalSection
	GlobalSection(ProjectConfigurationPlatforms) = postSolution
		{692B7A05-A9DA-428B-B450-DF816F99D3AD}.Debug|Any CPU.ActiveCfg = Debug|Any CPU
		{692B7A05-A9DA-428B-B450-DF816F99D3AD}.Debug|Any CPU.Build.0 = Debug|Any CPU
		{692B7A05-A9DA-428B-B450-DF816F99D3AD}.Release|Any CPU.ActiveCfg = Release|Any CPU
		{692B7A05-A9DA-428B-B450-DF816F99D3AD}.Release|Any CPU.Build.0 = Release|Any CPU
		{CA7A9E62-5245-4CA4-9E41-527A8B7F3ADA}.Debug|Any CPU.ActiveCfg = Debug|Any CPU
		{CA7A9E62-5245-4CA4-9E41-527A8B7F3ADA}.Debug|Any CPU.Build.0 = Debug|Any CPU
		{CA7A9E62-5245-4CA4-9E41-527A8B7F3ADA}.Release|Any CPU.ActiveCfg = Release|Any CPU
		{CA7A9E62-5245-4CA4-9E41-527A8B7F3ADA}.Release|Any CPU.Build.0 = Release|Any CPU
		{5648A836-1AAF-4A71-BB38-C3CFBA85D752}.Debug|Any CPU.ActiveCfg = Debug|Any CPU
		{5648A836-1AAF-4A71-BB38-C3CFBA85D752}.Debug|Any CPU.Build.0 = Debug|Any CPU
		{5648A836-1AAF-4A71-BB38-C3CFBA85D752}.Release|Any CPU.ActiveCfg = Release|Any CPU
		{5648A836-1AAF-4A71-BB38-C3CFBA85D752}.Release|Any CPU.Build.0 = Release|Any CPU
	EndGlobalSection
	GlobalSection(SolutionProperties) = preSolution
		HideSolutionNode = FALSE
	EndGlobalSection
	GlobalSection(ExtensibilityGlobals) = postSolution
		SolutionGuid = {03F77240-25F7-48FE-923E-00FA5E9A1133}
	EndGlobalSection
EndGlobal
