
Microsoft Visual Studio Solution File, Format Version 12.00
# Visual Studio Version 17
VisualStudioVersion = 17.14.36811.4
MinimumVisualStudioVersion = 10.0.40219.1
Project("{FAE04EC0-301F-11D3-BF4B-00C04F79EFBC}") = "MuseumServer", "MuseumServer\MuseumServer.csproj", "{037FF4A1-E335-4755-B1BB-C9ABF6359731}"
EndProject
Project("{FAE04EC0-301F-11D3-BF4B-00C04F79EFBC}") = "MeseumClient", "MeseumClient\MeseumClient.csproj", "{692B7A05-A9DA-428B-B450-DF816F99D3AD}"
EndProject
Global
	GlobalSection(SolutionConfigurationPlatforms) = preSolution
		Debug|Any CPU = Debug|Any CPU
		Release|Any CPU = Release|Any CPU
	EndGlobalSection
	GlobalSection(ProjectConfigurationPlatforms) = postSolution
		{037FF4A1-E335-4755-B1BB-C9ABF6359731}.Debug|Any CPU.ActiveCfg = Debug|Any CPU
		{037FF4A1-E335-4755-B1BB-C9ABF6359731}.Debug|Any CPU.Build.0 = Debug|Any CPU
		{037FF4A1-E335-4755-B1BB-C9ABF6359731}.Release|Any CPU.ActiveCfg = Release|Any CPU
		{037FF4A1-E335-4755-B1BB-C9ABF6359731}.Release|Any CPU.Build.0 = Release|Any CPU
		{692B7A05-A9DA-428B-B450-DF816F99D3AD}.Debug|Any CPU.ActiveCfg = Debug|Any CPU
		{692B7A05-A9DA-428B-B450-DF816F99D3AD}.Debug|Any CPU.Build.0 = Debug|Any CPU
		{692B7A05-A9DA-428B-B450-DF816F99D3AD}.Release|Any CPU.ActiveCfg = Release|Any CPU
		{692B7A05-A9DA-428B-B450-DF816F99D3AD}.Release|Any CPU.Build.0 = Release|Any CPU
	EndGlobalSection
	GlobalSection(SolutionProperties) = preSolution
		HideSolutionNode = FALSE
	EndGlobalSection
	GlobalSection(ExtensibilityGlobals) = postSolution
		SolutionGuid = {03F77240-25F7-48FE-923E-00FA5E9A1133}
	EndGlobalSection
EndGlobal
